
Microsoft Visual Studio Solution File, Format Version 12.00
# Visual Studio Version 16
VisualStudioVersion = 16.0.30503.244
MinimumVisualStudioVersion = 10.0.40219.1
Project("{9A19103F-16F7-4668-BE54-9A1E7A4F7556}") = "GestBanque", "GestBanque\GestBanque.csproj", "{03BAB06B-00B4-456A-912E-C6D1888BD2A5}"
EndProject
Project("{9A19103F-16F7-4668-BE54-9A1E7A4F7556}") = "Models", "Models\Models.csproj", "{44B9F879-2FD3-4D3A-8BA5-9F3B98D86F29}"
EndProject
Project("{FAE04EC0-301F-11D3-BF4B-00C04F79EFBC}") = "Carwash", "Carwash\Carwash.csproj", "{ED200C0A-7AC4-4047-8BAA-F52B9FB81A9F}"
EndProject
Global
	GlobalSection(SolutionConfigurationPlatforms) = preSolution
		Debug|Any CPU = Debug|Any CPU
		Release|Any CPU = Release|Any CPU
	EndGlobalSection
	GlobalSection(ProjectConfigurationPlatforms) = postSolution
		{03BAB06B-00B4-456A-912E-C6D1888BD2A5}.Debug|Any CPU.ActiveCfg = Debug|Any CPU
		{03BAB06B-00B4-456A-912E-C6D1888BD2A5}.Debug|Any CPU.Build.0 = Debug|Any CPU
		{03BAB06B-00B4-456A-912E-C6D1888BD2A5}.Release|Any CPU.ActiveCfg = Release|Any CPU
		{03BAB06B-00B4-456A-912E-C6D1888BD2A5}.Release|Any CPU.Build.0 = Release|Any CPU
		{44B9F879-2FD3-4D3A-8BA5-9F3B98D86F29}.Debug|Any CPU.ActiveCfg = Debug|Any CPU
		{44B9F879-2FD3-4D3A-8BA5-9F3B98D86F29}.Debug|Any CPU.Build.0 = Debug|Any CPU
		{44B9F879-2FD3-4D3A-8BA5-9F3B98D86F29}.Release|Any CPU.ActiveCfg = Release|Any CPU
		{44B9F879-2FD3-4D3A-8BA5-9F3B98D86F29}.Release|Any CPU.Build.0 = Release|Any CPU
		{ED200C0A-7AC4-4047-8BAA-F52B9FB81A9F}.Debug|Any CPU.ActiveCfg = Debug|Any CPU
		{ED200C0A-7AC4-4047-8BAA-F52B9FB81A9F}.Debug|Any CPU.Build.0 = Debug|Any CPU
		{ED200C0A-7AC4-4047-8BAA-F52B9FB81A9F}.Release|Any CPU.ActiveCfg = Release|Any CPU
		{ED200C0A-7AC4-4047-8BAA-F52B9FB81A9F}.Release|Any CPU.Build.0 = Release|Any CPU
	EndGlobalSection
	GlobalSection(SolutionProperties) = preSolution
		HideSolutionNode = FALSE
	EndGlobalSection
	GlobalSection(ExtensibilityGlobals) = postSolution
		SolutionGuid = {AF3FC87C-3B23-440A-B068-BE9773913C4D}
	EndGlobalSection
EndGlobal
